dependencies:
- name: mysql
  repository: https://charts.bitnami.com/bitnami
  version: 10.2.1
- name: postgresql
  repository: https://charts.bitnami.com/bitnami
  version: 15.2.8
- name: postgresql-ha
  repository: https://charts.bitnami.com/bitnami
  version: 9.4.11
- name: rabbitmq
  repository: https://charts.bitnami.com/bitnami
  version: 14.1.1
- name: redis
  repository: https://charts.bitnami.com/bitnami
  version: 19.1.5
digest: sha256:daeb808d6cf1fa0de150f7d5df472554b79baa70c327d5b2e707d5d654b2a6f7
generated: "2024-05-02T03:30:09.045285434Z"
